{
    "_readme": [
        "This file locks the dependencies of your project to a known state",
        "Read more about it at http://getcomposer.org/doc/01-basic-usage.md#composer-lock-the-lock-file"
    ],
    "hash": "acfd78228909013314569bbf132f340f",
    "packages": [
        {
            "name": "femto/core",
            "version": "v0.1.2",
            "source": {
                "type": "git",
                "url": "https://github.com/jamesrwhite/femto-core.git",
                "reference": "d60e35f4e1ccc46b8d602f7c372e9da5bd53b8ed"
            },
            "dist": {
                "type": "zip",
                "url": "https://api.github.com/repos/jamesrwhite/femto-core/zipball/d60e35f4e1ccc46b8d602f7c372e9da5bd53b8ed",
                "reference": "d60e35f4e1ccc46b8d602f7c372e9da5bd53b8ed",
                "shasum": ""
            },
            "require": {
                "php": ">=5.3.0"
            },
            "type": "library",
            "autoload": {
                "classmap": [
                    "femto.php"
                ]
            },
            "notification-url": "https://packagist.org/downloads/",
            "license": [
                "MIT"
            ],
            "authors": [
                {
                    "name": "James White",
                    "email": "dev.jameswhite@gmail.com",
                    "homepage": "http://jamesrwhite.co.uk",
                    "role": "Developer"
                }
            ],
            "description": "The core of the Femto framework",
            "homepage": "https://github.com/jamesrwhite/femto-core",
            "keywords": [
                "femto"
            ],
            "time": "2013-11-05 00:37:03"
        }
    ],
    "packages-dev": [

    ],
    "aliases": [

    ],
    "minimum-stability": "stable",
    "stability-flags": [

    ],
    "platform": [

    ],
    "platform-dev": [

    ]
}
